
Microsoft Visual Studio Solution File, Format Version 12.00
# Visual Studio Version 17
VisualStudioVersion = 17.4.33213.308
MinimumVisualStudioVersion = 10.0.40219.1
Project("{9A19103F-16F7-4668-BE54-9A1E7A4F7556}") = "W13C1-Demo-NewsApp", "W13C1-Demo-NewsApp\W13C1-Demo-NewsApp.csproj", "{756B6AD1-091C-46C5-BE22-5A41D075110B}"
EndProject
Global
	GlobalSection(SolutionConfigurationPlatforms) = preSolution
		Debug|Any CPU = Debug|Any CPU
		Release|Any CPU = Release|Any CPU
	EndGlobalSection
	GlobalSection(ProjectConfigurationPlatforms) = postSolution
		{756B6AD1-091C-46C5-BE22-5A41D075110B}.Debug|Any CPU.ActiveCfg = Debug|Any CPU
		{756B6AD1-091C-46C5-BE22-5A41D075110B}.Debug|Any CPU.Build.0 = Debug|Any CPU
		{756B6AD1-091C-46C5-BE22-5A41D075110B}.Release|Any CPU.ActiveCfg = Release|Any CPU
		{756B6AD1-091C-46C5-BE22-5A41D075110B}.Release|Any CPU.Build.0 = Release|Any CPU
	EndGlobalSection
	GlobalSection(SolutionProperties) = preSolution
		HideSolutionNode = FALSE
	EndGlobalSection
	GlobalSection(ExtensibilityGlobals) = postSolution
		SolutionGuid = {9CFD51D6-0E6C-401A-A35D-182E29CAC02B}
	EndGlobalSection
EndGlobal
